
Microsoft Visual Studio Solution File, Format Version 12.00
# Visual Studio 15
Project("{FAE04EC0-301F-11D3-BF4B-00C04F79EFBC}") = "UnityEngine.UI", "UnityEngine.UI.csproj", "{A36D22DB-721A-C571-B03F-158EEE1AE67B}"
EndProject
Project("{FAE04EC0-301F-11D3-BF4B-00C04F79EFBC}") = "UnityEngine.TestRunner", "UnityEngine.TestRunner.csproj", "{0EE07887-C99F-A0B5-D49A-12184337DA1C}"
EndProject
Project("{FAE04EC0-301F-11D3-BF4B-00C04F79EFBC}") = "Unity.Timeline", "Unity.Timeline.csproj", "{9AF5E599-F31F-B9ED-4BF3-1EBD2008F274}"
EndProject
Project("{FAE04EC0-301F-11D3-BF4B-00C04F79EFBC}") = "Unity.ProBuilder", "Unity.ProBuilder.csproj", "{409FFDEE-AA0F-F9D9-BB7C-39159FF71BF6}"
EndProject
Project("{FAE04EC0-301F-11D3-BF4B-00C04F79EFBC}") = "Unity.TextMeshPro", "Unity.TextMeshPro.csproj", "{4B0810D0-0E9D-6DE9-836D-F68AACCBA9D1}"
EndProject
Project("{FAE04EC0-301F-11D3-BF4B-00C04F79EFBC}") = "Assembly-CSharp", "Assembly-CSharp.csproj", "{A9C95CC1-1BD5-C6CF-D860-D08B29AFEFCB}"
EndProject
Project("{FAE04EC0-301F-11D3-BF4B-00C04F79EFBC}") = "Unity.ProBuilder.Poly2Tri", "Unity.ProBuilder.Poly2Tri.csproj", "{110CC0CF-D8A9-D4EB-9CA9-7E60FA5BDCFA}"
EndProject
Project("{FAE04EC0-301F-11D3-BF4B-00C04F79EFBC}") = "Unity.ProGrids", "Unity.ProGrids.csproj", "{C9FCD260-E821-A15A-BB2B-B323BEB43EC3}"
EndProject
Project("{FAE04EC0-301F-11D3-BF4B-00C04F79EFBC}") = "Unity.ProBuilder.Csg", "Unity.ProBuilder.Csg.csproj", "{4A7EE33F-176B-0B6C-2E4B-ED31C0AC4691}"
EndProject
Project("{FAE04EC0-301F-11D3-BF4B-00C04F79EFBC}") = "Unity.ProBuilder.KdTree", "Unity.ProBuilder.KdTree.csproj", "{3F40D34F-151B-38A4-0363-7E85843F285A}"
EndProject
Project("{FAE04EC0-301F-11D3-BF4B-00C04F79EFBC}") = "Unity.ProBuilder.Stl", "Unity.ProBuilder.Stl.csproj", "{9163A543-6CAD-CC80-0B11-7374879DE0B4}"
EndProject
Project("{FAE04EC0-301F-11D3-BF4B-00C04F79EFBC}") = "Unity.Recorder", "Unity.Recorder.csproj", "{9CACEBF0-5539-3246-C87D-8DB9BF83A8B6}"
EndProject
Project("{FAE04EC0-301F-11D3-BF4B-00C04F79EFBC}") = "Unity.Recorder.Base", "Unity.Recorder.Base.csproj", "{16AE538F-573C-2D95-3433-349EB9308EA6}"
EndProject
Project("{FAE04EC0-301F-11D3-BF4B-00C04F79EFBC}") = "UnityEditor.TestRunner", "UnityEditor.TestRunner.csproj", "{CEFD3F99-453C-8043-33B0-AEADAEE15B51}"
EndProject
Project("{FAE04EC0-301F-11D3-BF4B-00C04F79EFBC}") = "Unity.ProBuilder.Editor", "Unity.ProBuilder.Editor.csproj", "{ECCBCDCF-FED2-5682-DDA0-1BB021B54A95}"
EndProject
Project("{FAE04EC0-301F-11D3-BF4B-00C04F79EFBC}") = "Unity.PlasticSCM.Editor", "Unity.PlasticSCM.Editor.csproj", "{7E978355-9DC1-2F1C-98E8-523F317B87CC}"
EndProject
Project("{FAE04EC0-301F-11D3-BF4B-00C04F79EFBC}") = "UnityEditor.UI", "UnityEditor.UI.csproj", "{7A057CED-8EE4-8C5B-D298-353F69FC4AA5}"
EndProject
Project("{FAE04EC0-301F-11D3-BF4B-00C04F79EFBC}") = "Unity.Timeline.Editor", "Unity.Timeline.Editor.csproj", "{7C7E7F16-D822-F28B-655A-96493E5753B6}"
EndProject
Project("{FAE04EC0-301F-11D3-BF4B-00C04F79EFBC}") = "Unity.VisualStudio.Editor", "Unity.VisualStudio.Editor.csproj", "{6E2BB5B2-FA81-9726-40B9-CC08C6098250}"
EndProject
Project("{FAE04EC0-301F-11D3-BF4B-00C04F79EFBC}") = "Unity.Recorder.Editor", "Unity.Recorder.Editor.csproj", "{C1CB4175-A1C6-8C8A-FCE0-6C459A01C363}"
EndProject
Project("{FAE04EC0-301F-11D3-BF4B-00C04F79EFBC}") = "Unity.TextMeshPro.Editor", "Unity.TextMeshPro.Editor.csproj", "{7EF9FBDF-8CD7-2846-C8C3-AB5D90A6D13F}"
EndProject
Project("{FAE04EC0-301F-11D3-BF4B-00C04F79EFBC}") = "Unity.CollabProxy.Editor", "Unity.CollabProxy.Editor.csproj", "{607F1B13-0E53-F9B6-671B-60C19D2ED50D}"
EndProject
Project("{FAE04EC0-301F-11D3-BF4B-00C04F79EFBC}") = "Unity.Rider.Editor", "Unity.Rider.Editor.csproj", "{68C94043-0F27-C0E6-0683-DE167C167A76}"
EndProject
Project("{FAE04EC0-301F-11D3-BF4B-00C04F79EFBC}") = "Unity.ProGrids.Editor", "Unity.ProGrids.Editor.csproj", "{157DD1E1-2179-0D7E-718F-8791DFF3AD65}"
EndProject
Project("{FAE04EC0-301F-11D3-BF4B-00C04F79EFBC}") = "Unity.VSCode.Editor", "Unity.VSCode.Editor.csproj", "{0876331B-292B-C5F3-A6AA-975B2FBFB2C0}"
EndProject
Project("{FAE04EC0-301F-11D3-BF4B-00C04F79EFBC}") = "Unity.ProBuilder.AssetIdRemapUtility", "Unity.ProBuilder.AssetIdRemapUtility.csproj", "{76508E30-DF79-C376-4057-ED3ADD254976}"
EndProject
Project("{FAE04EC0-301F-11D3-BF4B-00C04F79EFBC}") = "Unity.Settings.Editor", "Unity.Settings.Editor.csproj", "{54111F46-C8C3-72D2-50BD-9FAA0517F215}"
EndProject
Project("{FAE04EC0-301F-11D3-BF4B-00C04F79EFBC}") = "Unity.ProBuilder.AddOns.Editor", "Unity.ProBuilder.AddOns.Editor.csproj", "{87580F07-4047-1124-9B99-FA8C3A298915}"
EndProject
Project("{FAE04EC0-301F-11D3-BF4B-00C04F79EFBC}") = "UnityEngine.UI", "UnityEngine.UI.Player.csproj", "{0C676324-E6BC-63B7-B07E-C7F894091FA7}"
EndProject
Project("{FAE04EC0-301F-11D3-BF4B-00C04F79EFBC}") = "UnityEngine.TestRunner", "UnityEngine.TestRunner.Player.csproj", "{2C6C1996-7A8D-9D28-7DA2-306C305942D6}"
EndProject
Project("{FAE04EC0-301F-11D3-BF4B-00C04F79EFBC}") = "Unity.Timeline", "Unity.Timeline.Player.csproj", "{6F61F182-5259-CC7A-3E61-D97820F9F9E3}"
EndProject
Project("{FAE04EC0-301F-11D3-BF4B-00C04F79EFBC}") = "Unity.ProBuilder", "Unity.ProBuilder.Player.csproj", "{AFE3973A-2FD6-B546-CBEE-7A11EF399B8C}"
EndProject
Project("{FAE04EC0-301F-11D3-BF4B-00C04F79EFBC}") = "Unity.TextMeshPro", "Unity.TextMeshPro.Player.csproj", "{3A54244F-B042-922E-3D87-F2C988A223D5}"
EndProject
Project("{FAE04EC0-301F-11D3-BF4B-00C04F79EFBC}") = "Assembly-CSharp", "Assembly-CSharp.Player.csproj", "{EA55A678-ED10-C53D-D649-1AE62B3C1B85}"
EndProject
Project("{FAE04EC0-301F-11D3-BF4B-00C04F79EFBC}") = "Unity.ProBuilder.Poly2Tri", "Unity.ProBuilder.Poly2Tri.Player.csproj", "{DE928586-1C78-098F-9DE4-DCA0E672BC06}"
EndProject
Project("{FAE04EC0-301F-11D3-BF4B-00C04F79EFBC}") = "Unity.ProGrids", "Unity.ProGrids.Player.csproj", "{5567F765-6703-B3E8-803C-221EFCE72ADF}"
EndProject
Project("{FAE04EC0-301F-11D3-BF4B-00C04F79EFBC}") = "Unity.ProBuilder.Csg", "Unity.ProBuilder.Csg.Player.csproj", "{EA88811E-D232-711C-69B8-60B374BB2E8F}"
EndProject
Project("{FAE04EC0-301F-11D3-BF4B-00C04F79EFBC}") = "Unity.ProBuilder.KdTree", "Unity.ProBuilder.KdTree.Player.csproj", "{165882C2-238A-11E4-7C36-93F64E5F1C36}"
EndProject
Project("{FAE04EC0-301F-11D3-BF4B-00C04F79EFBC}") = "Unity.ProBuilder.Stl", "Unity.ProBuilder.Stl.Player.csproj", "{6F699860-FD93-7E16-069C-A2E10D5A4273}"
EndProject
Project("{FAE04EC0-301F-11D3-BF4B-00C04F79EFBC}") = "Unity.Recorder", "Unity.Recorder.Player.csproj", "{4125081B-2880-6BDB-0BF3-0AC712E3192E}"
EndProject
Project("{FAE04EC0-301F-11D3-BF4B-00C04F79EFBC}") = "Unity.Recorder.Base", "Unity.Recorder.Base.Player.csproj", "{459858FF-9935-714D-645B-B8C56210081A}"
EndProject
Global
	GlobalSection(SolutionConfigurationPlatforms) = preSolution
		Debug|Any CPU = Debug|Any CPU
		Release|Any CPU = Release|Any CPU
	EndGlobalSection
	GlobalSection(ProjectConfigurationPlatforms) = postSolution
		{A36D22DB-721A-C571-B03F-158EEE1AE67B}.Debug|Any CPU.ActiveCfg = Debug|Any CPU
		{A36D22DB-721A-C571-B03F-158EEE1AE67B}.Debug|Any CPU.Build.0 = Debug|Any CPU
		{A36D22DB-721A-C571-B03F-158EEE1AE67B}.Release|Any CPU.ActiveCfg = Release|Any CPU
		{A36D22DB-721A-C571-B03F-158EEE1AE67B}.Release|Any CPU.Build.0 = Release|Any CPU
		{0EE07887-C99F-A0B5-D49A-12184337DA1C}.Debug|Any CPU.ActiveCfg = Debug|Any CPU
		{0EE07887-C99F-A0B5-D49A-12184337DA1C}.Debug|Any CPU.Build.0 = Debug|Any CPU
		{0EE07887-C99F-A0B5-D49A-12184337DA1C}.Release|Any CPU.ActiveCfg = Release|Any CPU
		{0EE07887-C99F-A0B5-D49A-12184337DA1C}.Release|Any CPU.Build.0 = Release|Any CPU
		{9AF5E599-F31F-B9ED-4BF3-1EBD2008F274}.Debug|Any CPU.ActiveCfg = Debug|Any CPU
		{9AF5E599-F31F-B9ED-4BF3-1EBD2008F274}.Debug|Any CPU.Build.0 = Debug|Any CPU
		{9AF5E599-F31F-B9ED-4BF3-1EBD2008F274}.Release|Any CPU.ActiveCfg = Release|Any CPU
		{9AF5E599-F31F-B9ED-4BF3-1EBD2008F274}.Release|Any CPU.Build.0 = Release|Any CPU
		{409FFDEE-AA0F-F9D9-BB7C-39159FF71BF6}.Debug|Any CPU.ActiveCfg = Debug|Any CPU
		{409FFDEE-AA0F-F9D9-BB7C-39159FF71BF6}.Debug|Any CPU.Build.0 = Debug|Any CPU
		{409FFDEE-AA0F-F9D9-BB7C-39159FF71BF6}.Release|Any CPU.ActiveCfg = Release|Any CPU
		{409FFDEE-AA0F-F9D9-BB7C-39159FF71BF6}.Release|Any CPU.Build.0 = Release|Any CPU
		{4B0810D0-0E9D-6DE9-836D-F68AACCBA9D1}.Debug|Any CPU.ActiveCfg = Debug|Any CPU
		{4B0810D0-0E9D-6DE9-836D-F68AACCBA9D1}.Debug|Any CPU.Build.0 = Debug|Any CPU
		{4B0810D0-0E9D-6DE9-836D-F68AACCBA9D1}.Release|Any CPU.ActiveCfg = Release|Any CPU
		{4B0810D0-0E9D-6DE9-836D-F68AACCBA9D1}.Release|Any CPU.Build.0 = Release|Any CPU
		{A9C95CC1-1BD5-C6CF-D860-D08B29AFEFCB}.Debug|Any CPU.ActiveCfg = Debug|Any CPU
		{A9C95CC1-1BD5-C6CF-D860-D08B29AFEFCB}.Debug|Any CPU.Build.0 = Debug|Any CPU
		{A9C95CC1-1BD5-C6CF-D860-D08B29AFEFCB}.Release|Any CPU.ActiveCfg = Release|Any CPU
		{A9C95CC1-1BD5-C6CF-D860-D08B29AFEFCB}.Release|Any CPU.Build.0 = Release|Any CPU
		{110CC0CF-D8A9-D4EB-9CA9-7E60FA5BDCFA}.Debug|Any CPU.ActiveCfg = Debug|Any CPU
		{110CC0CF-D8A9-D4EB-9CA9-7E60FA5BDCFA}.Debug|Any CPU.Build.0 = Debug|Any CPU
		{110CC0CF-D8A9-D4EB-9CA9-7E60FA5BDCFA}.Release|Any CPU.ActiveCfg = Release|Any CPU
		{110CC0CF-D8A9-D4EB-9CA9-7E60FA5BDCFA}.Release|Any CPU.Build.0 = Release|Any CPU
		{C9FCD260-E821-A15A-BB2B-B323BEB43EC3}.Debug|Any CPU.ActiveCfg = Debug|Any CPU
		{C9FCD260-E821-A15A-BB2B-B323BEB43EC3}.Debug|Any CPU.Build.0 = Debug|Any CPU
		{C9FCD260-E821-A15A-BB2B-B323BEB43EC3}.Release|Any CPU.ActiveCfg = Release|Any CPU
		{C9FCD260-E821-A15A-BB2B-B323BEB43EC3}.Release|Any CPU.Build.0 = Release|Any CPU
		{4A7EE33F-176B-0B6C-2E4B-ED31C0AC4691}.Debug|Any CPU.ActiveCfg = Debug|Any CPU
		{4A7EE33F-176B-0B6C-2E4B-ED31C0AC4691}.Debug|Any CPU.Build.0 = Debug|Any CPU
		{4A7EE33F-176B-0B6C-2E4B-ED31C0AC4691}.Release|Any CPU.ActiveCfg = Release|Any CPU
		{4A7EE33F-176B-0B6C-2E4B-ED31C0AC4691}.Release|Any CPU.Build.0 = Release|Any CPU
		{3F40D34F-151B-38A4-0363-7E85843F285A}.Debug|Any CPU.ActiveCfg = Debug|Any CPU
		{3F40D34F-151B-38A4-0363-7E85843F285A}.Debug|Any CPU.Build.0 = Debug|Any CPU
		{3F40D34F-151B-38A4-0363-7E85843F285A}.Release|Any CPU.ActiveCfg = Release|Any CPU
		{3F40D34F-151B-38A4-0363-7E85843F285A}.Release|Any CPU.Build.0 = Release|Any CPU
		{9163A543-6CAD-CC80-0B11-7374879DE0B4}.Debug|Any CPU.ActiveCfg = Debug|Any CPU
		{9163A543-6CAD-CC80-0B11-7374879DE0B4}.Debug|Any CPU.Build.0 = Debug|Any CPU
		{9163A543-6CAD-CC80-0B11-7374879DE0B4}.Release|Any CPU.ActiveCfg = Release|Any CPU
		{9163A543-6CAD-CC80-0B11-7374879DE0B4}.Release|Any CPU.Build.0 = Release|Any CPU
		{9CACEBF0-5539-3246-C87D-8DB9BF83A8B6}.Debug|Any CPU.ActiveCfg = Debug|Any CPU
		{9CACEBF0-5539-3246-C87D-8DB9BF83A8B6}.Debug|Any CPU.Build.0 = Debug|Any CPU
		{9CACEBF0-5539-3246-C87D-8DB9BF83A8B6}.Release|Any CPU.ActiveCfg = Release|Any CPU
		{9CACEBF0-5539-3246-C87D-8DB9BF83A8B6}.Release|Any CPU.Build.0 = Release|Any CPU
		{16AE538F-573C-2D95-3433-349EB9308EA6}.Debug|Any CPU.ActiveCfg = Debug|Any CPU
		{16AE538F-573C-2D95-3433-349EB9308EA6}.Debug|Any CPU.Build.0 = Debug|Any CPU
		{16AE538F-573C-2D95-3433-349EB9308EA6}.Release|Any CPU.ActiveCfg = Release|Any CPU
		{16AE538F-573C-2D95-3433-349EB9308EA6}.Release|Any CPU.Build.0 = Release|Any CPU
		{CEFD3F99-453C-8043-33B0-AEADAEE15B51}.Debug|Any CPU.ActiveCfg = Debug|Any CPU
		{CEFD3F99-453C-8043-33B0-AEADAEE15B51}.Debug|Any CPU.Build.0 = Debug|Any CPU
		{CEFD3F99-453C-8043-33B0-AEADAEE15B51}.Release|Any CPU.ActiveCfg = Release|Any CPU
		{CEFD3F99-453C-8043-33B0-AEADAEE15B51}.Release|Any CPU.Build.0 = Release|Any CPU
		{ECCBCDCF-FED2-5682-DDA0-1BB021B54A95}.Debug|Any CPU.ActiveCfg = Debug|Any CPU
		{ECCBCDCF-FED2-5682-DDA0-1BB021B54A95}.Debug|Any CPU.Build.0 = Debug|Any CPU
		{ECCBCDCF-FED2-5682-DDA0-1BB021B54A95}.Release|Any CPU.ActiveCfg = Release|Any CPU
		{ECCBCDCF-FED2-5682-DDA0-1BB021B54A95}.Release|Any CPU.Build.0 = Release|Any CPU
		{7E978355-9DC1-2F1C-98E8-523F317B87CC}.Debug|Any CPU.ActiveCfg = Debug|Any CPU
		{7E978355-9DC1-2F1C-98E8-523F317B87CC}.Debug|Any CPU.Build.0 = Debug|Any CPU
		{7E978355-9DC1-2F1C-98E8-523F317B87CC}.Release|Any CPU.ActiveCfg = Release|Any CPU
		{7E978355-9DC1-2F1C-98E8-523F317B87CC}.Release|Any CPU.Build.0 = Release|Any CPU
		{7A057CED-8EE4-8C5B-D298-353F69FC4AA5}.Debug|Any CPU.ActiveCfg = Debug|Any CPU
		{7A057CED-8EE4-8C5B-D298-353F69FC4AA5}.Debug|Any CPU.Build.0 = Debug|Any CPU
		{7A057CED-8EE4-8C5B-D298-353F69FC4AA5}.Release|Any CPU.ActiveCfg = Release|Any CPU
		{7A057CED-8EE4-8C5B-D298-353F69FC4AA5}.Release|Any CPU.Build.0 = Release|Any CPU
		{7C7E7F16-D822-F28B-655A-96493E5753B6}.Debug|Any CPU.ActiveCfg = Debug|Any CPU
		{7C7E7F16-D822-F28B-655A-96493E5753B6}.Debug|Any CPU.Build.0 = Debug|Any CPU
		{7C7E7F16-D822-F28B-655A-96493E5753B6}.Release|Any CPU.ActiveCfg = Release|Any CPU
		{7C7E7F16-D822-F28B-655A-96493E5753B6}.Release|Any CPU.Build.0 = Release|Any CPU
		{6E2BB5B2-FA81-9726-40B9-CC08C6098250}.Debug|Any CPU.ActiveCfg = Debug|Any CPU
		{6E2BB5B2-FA81-9726-40B9-CC08C6098250}.Debug|Any CPU.Build.0 = Debug|Any CPU
		{6E2BB5B2-FA81-9726-40B9-CC08C6098250}.Release|Any CPU.ActiveCfg = Release|Any CPU
		{6E2BB5B2-FA81-9726-40B9-CC08C6098250}.Release|Any CPU.Build.0 = Release|Any CPU
		{C1CB4175-A1C6-8C8A-FCE0-6C459A01C363}.Debug|Any CPU.ActiveCfg = Debug|Any CPU
		{C1CB4175-A1C6-8C8A-FCE0-6C459A01C363}.Debug|Any CPU.Build.0 = Debug|Any CPU
		{C1CB4175-A1C6-8C8A-FCE0-6C459A01C363}.Release|Any CPU.ActiveCfg = Release|Any CPU
		{C1CB4175-A1C6-8C8A-FCE0-6C459A01C363}.Release|Any CPU.Build.0 = Release|Any CPU
		{7EF9FBDF-8CD7-2846-C8C3-AB5D90A6D13F}.Debug|Any CPU.ActiveCfg = Debug|Any CPU
		{7EF9FBDF-8CD7-2846-C8C3-AB5D90A6D13F}.Debug|Any CPU.Build.0 = Debug|Any CPU
		{7EF9FBDF-8CD7-2846-C8C3-AB5D90A6D13F}.Release|Any CPU.ActiveCfg = Release|Any CPU
		{7EF9FBDF-8CD7-2846-C8C3-AB5D90A6D13F}.Release|Any CPU.Build.0 = Release|Any CPU
		{607F1B13-0E53-F9B6-671B-60C19D2ED50D}.Debug|Any CPU.ActiveCfg = Debug|Any CPU
		{607F1B13-0E53-F9B6-671B-60C19D2ED50D}.Debug|Any CPU.Build.0 = Debug|Any CPU
		{607F1B13-0E53-F9B6-671B-60C19D2ED50D}.Release|Any CPU.ActiveCfg = Release|Any CPU
		{607F1B13-0E53-F9B6-671B-60C19D2ED50D}.Release|Any CPU.Build.0 = Release|Any CPU
		{68C94043-0F27-C0E6-0683-DE167C167A76}.Debug|Any CPU.ActiveCfg = Debug|Any CPU
		{68C94043-0F27-C0E6-0683-DE167C167A76}.Debug|Any CPU.Build.0 = Debug|Any CPU
		{68C94043-0F27-C0E6-0683-DE167C167A76}.Release|Any CPU.ActiveCfg = Release|Any CPU
		{68C94043-0F27-C0E6-0683-DE167C167A76}.Release|Any CPU.Build.0 = Release|Any CPU
		{157DD1E1-2179-0D7E-718F-8791DFF3AD65}.Debug|Any CPU.ActiveCfg = Debug|Any CPU
		{157DD1E1-2179-0D7E-718F-8791DFF3AD65}.Debug|Any CPU.Build.0 = Debug|Any CPU
		{157DD1E1-2179-0D7E-718F-8791DFF3AD65}.Release|Any CPU.ActiveCfg = Release|Any CPU
		{157DD1E1-2179-0D7E-718F-8791DFF3AD65}.Release|Any CPU.Build.0 = Release|Any CPU
		{0876331B-292B-C5F3-A6AA-975B2FBFB2C0}.Debug|Any CPU.ActiveCfg = Debug|Any CPU
		{0876331B-292B-C5F3-A6AA-975B2FBFB2C0}.Debug|Any CPU.Build.0 = Debug|Any CPU
		{0876331B-292B-C5F3-A6AA-975B2FBFB2C0}.Release|Any CPU.ActiveCfg = Release|Any CPU
		{0876331B-292B-C5F3-A6AA-975B2FBFB2C0}.Release|Any CPU.Build.0 = Release|Any CPU
		{76508E30-DF79-C376-4057-ED3ADD254976}.Debug|Any CPU.ActiveCfg = Debug|Any CPU
		{76508E30-DF79-C376-4057-ED3ADD254976}.Debug|Any CPU.Build.0 = Debug|Any CPU
		{76508E30-DF79-C376-4057-ED3ADD254976}.Release|Any CPU.ActiveCfg = Release|Any CPU
		{76508E30-DF79-C376-4057-ED3ADD254976}.Release|Any CPU.Build.0 = Release|Any CPU
		{54111F46-C8C3-72D2-50BD-9FAA0517F215}.Debug|Any CPU.ActiveCfg = Debug|Any CPU
		{54111F46-C8C3-72D2-50BD-9FAA0517F215}.Debug|Any CPU.Build.0 = Debug|Any CPU
		{54111F46-C8C3-72D2-50BD-9FAA0517F215}.Release|Any CPU.ActiveCfg = Release|Any CPU
		{54111F46-C8C3-72D2-50BD-9FAA0517F215}.Release|Any CPU.Build.0 = Release|Any CPU
		{87580F07-4047-1124-9B99-FA8C3A298915}.Debug|Any CPU.ActiveCfg = Debug|Any CPU
		{87580F07-4047-1124-9B99-FA8C3A298915}.Debug|Any CPU.Build.0 = Debug|Any CPU
		{87580F07-4047-1124-9B99-FA8C3A298915}.Release|Any CPU.ActiveCfg = Release|Any CPU
		{87580F07-4047-1124-9B99-FA8C3A298915}.Release|Any CPU.Build.0 = Release|Any CPU
		{0C676324-E6BC-63B7-B07E-C7F894091FA7}.Debug|Any CPU.ActiveCfg = Debug|Any CPU
		{0C676324-E6BC-63B7-B07E-C7F894091FA7}.Debug|Any CPU.Build.0 = Debug|Any CPU
		{0C676324-E6BC-63B7-B07E-C7F894091FA7}.Release|Any CPU.ActiveCfg = Release|Any CPU
		{0C676324-E6BC-63B7-B07E-C7F894091FA7}.Release|Any CPU.Build.0 = Release|Any CPU
		{2C6C1996-7A8D-9D28-7DA2-306C305942D6}.Debug|Any CPU.ActiveCfg = Debug|Any CPU
		{2C6C1996-7A8D-9D28-7DA2-306C305942D6}.Debug|Any CPU.Build.0 = Debug|Any CPU
		{2C6C1996-7A8D-9D28-7DA2-306C305942D6}.Release|Any CPU.ActiveCfg = Release|Any CPU
		{2C6C1996-7A8D-9D28-7DA2-306C305942D6}.Release|Any CPU.Build.0 = Release|Any CPU
		{6F61F182-5259-CC7A-3E61-D97820F9F9E3}.Debug|Any CPU.ActiveCfg = Debug|Any CPU
		{6F61F182-5259-CC7A-3E61-D97820F9F9E3}.Debug|Any CPU.Build.0 = Debug|Any CPU
		{6F61F182-5259-CC7A-3E61-D97820F9F9E3}.Release|Any CPU.ActiveCfg = Release|Any CPU
		{6F61F182-5259-CC7A-3E61-D97820F9F9E3}.Release|Any CPU.Build.0 = Release|Any CPU
		{AFE3973A-2FD6-B546-CBEE-7A11EF399B8C}.Debug|Any CPU.ActiveCfg = Debug|Any CPU
		{AFE3973A-2FD6-B546-CBEE-7A11EF399B8C}.Debug|Any CPU.Build.0 = Debug|Any CPU
		{AFE3973A-2FD6-B546-CBEE-7A11EF399B8C}.Release|Any CPU.ActiveCfg = Release|Any CPU
		{AFE3973A-2FD6-B546-CBEE-7A11EF399B8C}.Release|Any CPU.Build.0 = Release|Any CPU
		{3A54244F-B042-922E-3D87-F2C988A223D5}.Debug|Any CPU.ActiveCfg = Debug|Any CPU
		{3A54244F-B042-922E-3D87-F2C988A223D5}.Debug|Any CPU.Build.0 = Debug|Any CPU
		{3A54244F-B042-922E-3D87-F2C988A223D5}.Release|Any CPU.ActiveCfg = Release|Any CPU
		{3A54244F-B042-922E-3D87-F2C988A223D5}.Release|Any CPU.Build.0 = Release|Any CPU
		{EA55A678-ED10-C53D-D649-1AE62B3C1B85}.Debug|Any CPU.ActiveCfg = Debug|Any CPU
		{EA55A678-ED10-C53D-D649-1AE62B3C1B85}.Debug|Any CPU.Build.0 = Debug|Any CPU
		{EA55A678-ED10-C53D-D649-1AE62B3C1B85}.Release|Any CPU.ActiveCfg = Release|Any CPU
		{EA55A678-ED10-C53D-D649-1AE62B3C1B85}.Release|Any CPU.Build.0 = Release|Any CPU
		{DE928586-1C78-098F-9DE4-DCA0E672BC06}.Debug|Any CPU.ActiveCfg = Debug|Any CPU
		{DE928586-1C78-098F-9DE4-DCA0E672BC06}.Debug|Any CPU.Build.0 = Debug|Any CPU
		{DE928586-1C78-098F-9DE4-DCA0E672BC06}.Release|Any CPU.ActiveCfg = Release|Any CPU
		{DE928586-1C78-098F-9DE4-DCA0E672BC06}.Release|Any CPU.Build.0 = Release|Any CPU
		{5567F765-6703-B3E8-803C-221EFCE72ADF}.Debug|Any CPU.ActiveCfg = Debug|Any CPU
		{5567F765-6703-B3E8-803C-221EFCE72ADF}.Debug|Any CPU.Build.0 = Debug|Any CPU
		{5567F765-6703-B3E8-803C-221EFCE72ADF}.Release|Any CPU.ActiveCfg = Release|Any CPU
		{5567F765-6703-B3E8-803C-221EFCE72ADF}.Release|Any CPU.Build.0 = Release|Any CPU
		{EA88811E-D232-711C-69B8-60B374BB2E8F}.Debug|Any CPU.ActiveCfg = Debug|Any CPU
		{EA88811E-D232-711C-69B8-60B374BB2E8F}.Debug|Any CPU.Build.0 = Debug|Any CPU
		{EA88811E-D232-711C-69B8-60B374BB2E8F}.Release|Any CPU.ActiveCfg = Release|Any CPU
		{EA88811E-D232-711C-69B8-60B374BB2E8F}.Release|Any CPU.Build.0 = Release|Any CPU
		{165882C2-238A-11E4-7C36-93F64E5F1C36}.Debug|Any CPU.ActiveCfg = Debug|Any CPU
		{165882C2-238A-11E4-7C36-93F64E5F1C36}.Debug|Any CPU.Build.0 = Debug|Any CPU
		{165882C2-238A-11E4-7C36-93F64E5F1C36}.Release|Any CPU.ActiveCfg = Release|Any CPU
		{165882C2-238A-11E4-7C36-93F64E5F1C36}.Release|Any CPU.Build.0 = Release|Any CPU
		{6F699860-FD93-7E16-069C-A2E10D5A4273}.Debug|Any CPU.ActiveCfg = Debug|Any CPU
		{6F699860-FD93-7E16-069C-A2E10D5A4273}.Debug|Any CPU.Build.0 = Debug|Any CPU
		{6F699860-FD93-7E16-069C-A2E10D5A4273}.Release|Any CPU.ActiveCfg = Release|Any CPU
		{6F699860-FD93-7E16-069C-A2E10D5A4273}.Release|Any CPU.Build.0 = Release|Any CPU
		{4125081B-2880-6BDB-0BF3-0AC712E3192E}.Debug|Any CPU.ActiveCfg = Debug|Any CPU
		{4125081B-2880-6BDB-0BF3-0AC712E3192E}.Debug|Any CPU.Build.0 = Debug|Any CPU
		{4125081B-2880-6BDB-0BF3-0AC712E3192E}.Release|Any CPU.ActiveCfg = Release|Any CPU
		{4125081B-2880-6BDB-0BF3-0AC712E3192E}.Release|Any CPU.Build.0 = Release|Any CPU
		{459858FF-9935-714D-645B-B8C56210081A}.Debug|Any CPU.ActiveCfg = Debug|Any CPU
		{459858FF-9935-714D-645B-B8C56210081A}.Debug|Any CPU.Build.0 = Debug|Any CPU
		{459858FF-9935-714D-645B-B8C56210081A}.Release|Any CPU.ActiveCfg = Release|Any CPU
		{459858FF-9935-714D-645B-B8C56210081A}.Release|Any CPU.Build.0 = Release|Any CPU
	EndGlobalSection
	GlobalSection(SolutionProperties) = preSolution
		HideSolutionNode = FALSE
	EndGlobalSection
EndGlobal
